
Microsoft Visual Studio Solution File, Format Version 12.00
# Visual Studio Version 17
VisualStudioVersion = 17.0.32126.317
MinimumVisualStudioVersion = 10.0.40219.1
Project("{FAE04EC0-301F-11D3-BF4B-00C04F79EFBC}") = "HashTable", "HashTable.csproj", "{CA5DE022-5B62-4439-9BE4-56BD7BDAAD37}"
EndProject
Global
	GlobalSection(SolutionConfigurationPlatforms) = preSolution
		Debug|Any CPU = Debug|Any CPU
		Release|Any CPU = Release|Any CPU
	EndGlobalSection
	GlobalSection(ProjectConfigurationPlatforms) = postSolution
		{CA5DE022-5B62-4439-9BE4-56BD7BDAAD37}.Debug|Any CPU.ActiveCfg = Debug|Any CPU
		{CA5DE022-5B62-4439-9BE4-56BD7BDAAD37}.Debug|Any CPU.Build.0 = Debug|Any CPU
		{CA5DE022-5B62-4439-9BE4-56BD7BDAAD37}.Release|Any CPU.ActiveCfg = Release|Any CPU
		{CA5DE022-5B62-4439-9BE4-56BD7BDAAD37}.Release|Any CPU.Build.0 = Release|Any CPU
	EndGlobalSection
	GlobalSection(SolutionProperties) = preSolution
		HideSolutionNode = FALSE
	EndGlobalSection
	GlobalSection(ExtensibilityGlobals) = postSolution
		SolutionGuid = {CFFB4DD3-8B7A-4B94-8A4C-E78E8B44F38A}
	EndGlobalSection
EndGlobal
